{
    "_readme": [
        "This file locks the dependencies of your project to a known state",
        "Read more about it at http://getcomposer.org/doc/01-basic-usage.md#composer-lock-the-lock-file"
    ],
    "hash": "a520c7b71622bc675d3ef062785d3d5f",
    "packages": [
        {
            "name": "bazo/gridder",
            "version": "dev-master",
            "source": {
                "type": "git",
                "url": "https://github.com/bazo/nette-gridder.git",
                "reference": "f9a005a291205516c2e7633cf8b18d1ed856d397"
            },
            "dist": {
                "type": "zip",
                "url": "https://api.github.com/repos/bazo/nette-gridder/zipball/f9a005a291205516c2e7633cf8b18d1ed856d397",
                "reference": "f9a005a291205516c2e7633cf8b18d1ed856d397",
                "shasum": ""
            },
            "require": {
                "bazo/nette-form-controls": "*",
                "php": ">=5.4.0"
            },
            "suggest": {
                "bazo/neo4j-tools": "@dev"
            },
            "type": "library",
            "autoload": {
                "psr-0": {
                    "Gridder": ""
                }
            },
            "notification-url": "https://packagist.org/downloads/",
            "authors": [
                {
                    "name": "Martin Bažík",
                    "email": "martin@bazo.sk",
                    "homepage": "http://bazo.sk"
                }
            ],
            "description": "Datagrid for Nette framework with Mongo ODM support",
            "homepage": "https://github.com/bazo/nette-gridder",
            "keywords": [
                "datagrid",
                "mongo odm",
                "mongodb",
                "nette",
                "odm"
            ],
            "time": "2013-10-24 21:05:16"
        },
        {
            "name": "bazo/nette-console-extension",
            "version": "dev-master",
            "source": {
                "type": "git",
                "url": "https://github.com/bazo/nette-console-extension.git",
                "reference": "50b9805eff326d77b8b68758572d0b24b40dccdc"
            },
            "dist": {
                "type": "zip",
                "url": "https://api.github.com/repos/bazo/nette-console-extension/zipball/50b9805eff326d77b8b68758572d0b24b40dccdc",
                "reference": "50b9805eff326d77b8b68758572d0b24b40dccdc",
                "shasum": ""
            },
            "require": {
                "php": ">= 5.4.0",
                "symfony/console": "@dev"
            },
            "type": "nette-addon",
            "autoload": {
                "psr-0": {
                    "Bazo\\Console\\": "src/"
                }
            },
            "notification-url": "https://packagist.org/downloads/",
            "authors": [
                {
                    "name": "Martin Bažík",
                    "email": "martin@bazo.sk",
                    "homepage": "http://bazo.sk"
                }
            ],
            "description": "Nette console compiler extension",
            "homepage": "https://github.com/bazo/nette-console-extension",
            "keywords": [
                "console",
                "extension",
                "nette"
            ],
            "time": "2013-10-15 20:45:36"
        },
        {
            "name": "bazo/nette-document-manager-extension",
            "version": "dev-master",
            "source": {
                "type": "git",
                "url": "https://github.com/bazo/nette-document-manager-extension.git",
                "reference": "dc2ee3d40fee52a621b5d47918e59cd05c1ea2b6"
            },
            "dist": {
                "type": "zip",
                "url": "https://api.github.com/repos/bazo/nette-document-manager-extension/zipball/dc2ee3d40fee52a621b5d47918e59cd05c1ea2b6",
                "reference": "dc2ee3d40fee52a621b5d47918e59cd05c1ea2b6",
                "shasum": ""
            },
            "require": {
                "doctrine/mongodb-odm": "@dev",
                "php": ">=5.4.0"
            },
            "require-dev": {
                "gedmo/doctrine-extensions": "@dev"
            },
            "suggest": {
                "bazo/nette-console-extension": "@dev",
                "gedmo/doctrine-extensions": "@dev"
            },
            "type": "library",
            "autoload": {
                "psr-0": {
                    "Bazo": "src/"
                }
            },
            "notification-url": "https://packagist.org/downloads/",
            "authors": [
                {
                    "name": "Martin Bažík",
                    "email": "martin@bazo.sk",
                    "homepage": "http://bazo.sk"
                }
            ],
            "description": "Nette document manager compiler extension",
            "homepage": "https://github.com/bazo/nette-document-manager-extension",
            "keywords": [
                "extension",
                "mongodb",
                "nette"
            ],
            "time": "2013-10-27 22:50:20"
        },
        {
            "name": "bazo/nette-form-controls",
            "version": "dev-master",
            "source": {
                "type": "git",
                "url": "https://github.com/bazo/nette-form-controls.git",
                "reference": "1d493606b2ed99ed821194d3dcb99fa65b75f3ea"
            },
            "dist": {
                "type": "zip",
                "url": "https://api.github.com/repos/bazo/nette-form-controls/zipball/1d493606b2ed99ed821194d3dcb99fa65b75f3ea",
                "reference": "1d493606b2ed99ed821194d3dcb99fa65b75f3ea",
                "shasum": ""
            },
            "require": {
                "php": ">=5.3.0"
            },
            "type": "library",
            "autoload": {
                "psr-0": {
                    "Bazo\\Forms\\Controls": ""
                }
            },
            "notification-url": "https://packagist.org/downloads/",
            "authors": [
                {
                    "name": "Martin Bažík",
                    "email": "martin@bazo.sk",
                    "homepage": "http://bazo.sk"
                }
            ],
            "description": "Various form controls for Nette framework",
            "homepage": "https://github.com/bazo/nette-form-controls",
            "keywords": [
                "Forms",
                "controls",
                "nette"
            ],
            "time": "2012-07-14 19:03:19"
        },
        {
            "name": "bazo/nette-mediator-extension",
            "version": "dev-master",
            "source": {
                "type": "git",
                "url": "https://github.com/bazo/nette-mediator-extension.git",
                "reference": "1ea3ab012d1ad45163e28865bc0143b13e15ab77"
            },
            "dist": {
                "type": "zip",
                "url": "https://api.github.com/repos/bazo/nette-mediator-extension/zipball/1ea3ab012d1ad45163e28865bc0143b13e15ab77",
                "reference": "1ea3ab012d1ad45163e28865bc0143b13e15ab77",
                "shasum": ""
            },
            "require": {
                "php": ">= 5.4.0",
                "symfony/event-dispatcher": "@dev"
            },
            "type": "nette-addon",
            "autoload": {
                "psr-0": {
                    "Bazo\\Mediator\\": "src/"
                }
            },
            "notification-url": "https://packagist.org/downloads/",
            "authors": [
                {
                    "name": "Martin Bažík",
                    "email": "martin@bazo.sk",
                    "homepage": "http://bazo.sk"
                }
            ],
            "description": "Nette mediator compiler extension",
            "homepage": "https://github.com/bazo/nette-mediator-extension",
            "keywords": [
                "event dispatcher",
                "events",
                "extension",
                "mediator",
                "nette"
            ],
            "time": "2013-10-18 11:31:22"
        },
        {
            "name": "bazo/nette-monolog-extension",
            "version": "dev-master",
            "source": {
                "type": "git",
                "url": "https://github.com/bazo/nette-monolog-extension.git",
                "reference": "b18f804881155812efbe55a54591495714dad262"
            },
            "dist": {
                "type": "zip",
                "url": "https://api.github.com/repos/bazo/nette-monolog-extension/zipball/b18f804881155812efbe55a54591495714dad262",
                "reference": "b18f804881155812efbe55a54591495714dad262",
                "shasum": ""
            },
            "require": {
                "monolog/monolog": "@dev",
                "php": ">= 5.4.0"
            },
            "type": "nette-addon",
            "autoload": {
                "psr-0": {
                    "Bazo\\Monolog\\": "src/"
                }
            },
            "notification-url": "https://packagist.org/downloads/",
            "authors": [
                {
                    "name": "Martin Bažík",
                    "email": "martin@bazo.sk",
                    "homepage": "http://bazo.sk"
                }
            ],
            "description": "Nette monolog compiler extension",
            "homepage": "https://github.com/bazo/nette-monolog-extension",
            "keywords": [
                "extension",
                "logging",
                "monolog",
                "nette"
            ],
            "time": "2013-10-18 14:17:39"
        },
        {
            "name": "bazo/nette-translation",
            "version": "dev-master",
            "source": {
                "type": "git",
                "url": "https://github.com/bazo/nette-translation.git",
                "reference": "11137e95b9e19963116890867f724cb4b2a94bf5"
            },
            "dist": {
                "type": "zip",
                "url": "https://api.github.com/repos/bazo/nette-translation/zipball/11137e95b9e19963116890867f724cb4b2a94bf5",
                "reference": "11137e95b9e19963116890867f724cb4b2a94bf5",
                "shasum": ""
            },
            "require": {
                "nette/nette": "@dev",
                "nikic/php-parser": "@dev",
                "php": ">=5.4.0",
                "symfony/console": "@dev"
            },
            "type": "nette-addon",
            "autoload": {
                "psr-0": {
                    "Bazo\\Translation": "src/"
                },
                "files": [
                    "src/shortcuts.php"
                ]
            },
            "notification-url": "https://packagist.org/downloads/",
            "authors": [
                {
                    "name": "Martin Bažík",
                    "email": "martin@bazo.sk",
                    "homepage": "http://bazo.sk"
                }
            ],
            "description": "Translation extension for Nette Framework",
            "homepage": "https://github.com/bazo/nette-translation",
            "keywords": [
                "neon",
                "nette",
                "translation"
            ],
            "time": "2013-10-27 20:01:42"
        },
        {
            "name": "doctrine/annotations",
            "version": "v1.1.2",
            "source": {
                "type": "git",
                "url": "https://github.com/doctrine/annotations.git",
                "reference": "v1.1.2"
            },
            "dist": {
                "type": "zip",
                "url": "https://api.github.com/repos/doctrine/annotations/zipball/v1.1.2",
                "reference": "v1.1.2",
                "shasum": ""
            },
            "require": {
                "doctrine/lexer": "1.*",
                "php": ">=5.3.2"
            },
            "require-dev": {
                "doctrine/cache": "1.*"
            },
            "type": "library",
            "extra": {
                "branch-alias": {
                    "dev-master": "1.0.x-dev"
                }
            },
            "autoload": {
                "psr-0": {
                    "Doctrine\\Common\\Annotations\\": "lib/"
                }
            },
            "notification-url": "https://packagist.org/downloads/",
            "license": [
                "MIT"
            ],
            "authors": [
                {
                    "name": "Jonathan Wage",
                    "email": "jonwage@gmail.com",
                    "homepage": "http://www.jwage.com/"
                },
                {
                    "name": "Guilherme Blanco",
                    "email": "guilhermeblanco@gmail.com",
                    "homepage": "http://www.instaclick.com"
                },
                {
                    "name": "Roman Borschel",
                    "email": "roman@code-factory.org"
                },
                {
                    "name": "Benjamin Eberlei",
                    "email": "kontakt@beberlei.de"
                },
                {
                    "name": "Johannes Schmitt",
                    "email": "schmittjoh@gmail.com",
                    "homepage": "http://jmsyst.com",
                    "role": "Developer of wrapped JMSSerializerBundle"
                }
            ],
            "description": "Docblock Annotations Parser",
            "homepage": "http://www.doctrine-project.org",
            "keywords": [
                "annotations",
                "docblock",
                "parser"
            ],
            "time": "2013-06-16 21:33:03"
        },
        {
            "name": "doctrine/cache",
            "version": "v1.3.0",
            "source": {
                "type": "git",
                "url": "https://github.com/doctrine/cache.git",
                "reference": "e16d7adf45664a50fa86f515b6d5e7f670130449"
            },
            "dist": {
                "type": "zip",
                "url": "https://api.github.com/repos/doctrine/cache/zipball/e16d7adf45664a50fa86f515b6d5e7f670130449",
                "reference": "e16d7adf45664a50fa86f515b6d5e7f670130449",
                "shasum": ""
            },
            "require": {
                "php": ">=5.3.2"
            },
            "conflict": {
                "doctrine/common": ">2.2,<2.4"
            },
            "require-dev": {
                "phpunit/phpunit": ">=3.7",
                "satooshi/php-coveralls": "~0.6"
            },
            "type": "library",
            "extra": {
                "branch-alias": {
                    "dev-master": "1.0.x-dev"
                }
            },
            "autoload": {
                "psr-0": {
                    "Doctrine\\Common\\Cache\\": "lib/"
                }
            },
            "notification-url": "https://packagist.org/downloads/",
            "license": [
                "MIT"
            ],
            "authors": [
                {
                    "name": "Jonathan Wage",
                    "email": "jonwage@gmail.com",
                    "homepage": "http://www.jwage.com/"
                },
                {
                    "name": "Guilherme Blanco",
                    "email": "guilhermeblanco@gmail.com",
                    "homepage": "http://www.instaclick.com"
                },
                {
                    "name": "Roman Borschel",
                    "email": "roman@code-factory.org"
                },
                {
                    "name": "Benjamin Eberlei",
                    "email": "kontakt@beberlei.de"
                },
                {
                    "name": "Johannes Schmitt",
                    "email": "schmittjoh@gmail.com",
                    "homepage": "http://jmsyst.com",
                    "role": "Developer of wrapped JMSSerializerBundle"
                }
            ],
            "description": "Caching library offering an object-oriented API for many cache backends",
            "homepage": "http://www.doctrine-project.org",
            "keywords": [
                "cache",
                "caching"
            ],
            "time": "2013-10-25 19:04:14"
        },
        {
            "name": "doctrine/collections",
            "version": "dev-master",
            "source": {
                "type": "git",
                "url": "https://github.com/doctrine/collections.git",
                "reference": "bcb53776a096a0c64579cc8d8ec0db62f1109fbc"
            },
            "dist": {
                "type": "zip",
                "url": "https://api.github.com/repos/doctrine/collections/zipball/bcb53776a096a0c64579cc8d8ec0db62f1109fbc",
                "reference": "bcb53776a096a0c64579cc8d8ec0db62f1109fbc",
                "shasum": ""
            },
            "require": {
                "php": ">=5.3.2"
            },
            "type": "library",
            "extra": {
                "branch-alias": {
                    "dev-master": "1.2.x-dev"
                }
            },
            "autoload": {
                "psr-0": {
                    "Doctrine\\Common\\Collections\\": "lib/"
                }
            },
            "notification-url": "https://packagist.org/downloads/",
            "license": [
                "MIT"
            ],
            "authors": [
                {
                    "name": "Jonathan Wage",
                    "email": "jonwage@gmail.com",
                    "homepage": "http://www.jwage.com/"
                },
                {
                    "name": "Guilherme Blanco",
                    "email": "guilhermeblanco@gmail.com",
                    "homepage": "http://www.instaclick.com"
                },
                {
                    "name": "Roman Borschel",
                    "email": "roman@code-factory.org"
                },
                {
                    "name": "Benjamin Eberlei",
                    "email": "kontakt@beberlei.de"
                },
                {
                    "name": "Johannes Schmitt",
                    "email": "schmittjoh@gmail.com",
                    "homepage": "http://jmsyst.com",
                    "role": "Developer of wrapped JMSSerializerBundle"
                }
            ],
            "description": "Collections Abstraction library",
            "homepage": "http://www.doctrine-project.org",
            "keywords": [
                "array",
                "collections",
                "iterator"
            ],
            "time": "2013-08-29 16:56:45"
        },
        {
            "name": "doctrine/common",
            "version": "2.4.x-dev",
            "source": {
                "type": "git",
                "url": "https://github.com/doctrine/common.git",
                "reference": "c94d6ff79e25418b1225e187c782bf4742f23a8b"
            },
            "dist": {
                "type": "zip",
                "url": "https://api.github.com/repos/doctrine/common/zipball/c94d6ff79e25418b1225e187c782bf4742f23a8b",
                "reference": "c94d6ff79e25418b1225e187c782bf4742f23a8b",
                "shasum": ""
            },
            "require": {
                "doctrine/annotations": "1.*",
                "doctrine/cache": "1.*",
                "doctrine/collections": "1.*",
                "doctrine/inflector": "1.*",
                "doctrine/lexer": "1.*",
                "php": ">=5.3.2"
            },
            "type": "library",
            "extra": {
                "branch-alias": {
                    "dev-master": "2.4.x-dev"
                }
            },
            "autoload": {
                "psr-0": {
                    "Doctrine\\Common\\": "lib/"
                }
            },
            "notification-url": "https://packagist.org/downloads/",
            "license": [
                "MIT"
            ],
            "authors": [
                {
                    "name": "Jonathan Wage",
                    "email": "jonwage@gmail.com",
                    "homepage": "http://www.jwage.com/"
                },
                {
                    "name": "Guilherme Blanco",
                    "email": "guilhermeblanco@gmail.com",
                    "homepage": "http://www.instaclick.com"
                },
                {
                    "name": "Roman Borschel",
                    "email": "roman@code-factory.org"
                },
                {
                    "name": "Benjamin Eberlei",
                    "email": "kontakt@beberlei.de"
                },
                {
                    "name": "Johannes Schmitt",
                    "email": "schmittjoh@gmail.com",
                    "homepage": "http://jmsyst.com",
                    "role": "Developer of wrapped JMSSerializerBundle"
                }
            ],
            "description": "Common Library for Doctrine projects",
            "homepage": "http://www.doctrine-project.org",
            "keywords": [
                "annotations",
                "collections",
                "eventmanager",
                "persistence",
                "spl"
            ],
            "time": "2013-09-07 10:20:35"
        },
        {
            "name": "doctrine/inflector",
            "version": "dev-master",
            "source": {
                "type": "git",
                "url": "https://github.com/doctrine/inflector.git",
                "reference": "8b4b3ccec7aafc596e2fc1e593c9f2e78f939c8c"
            },
            "dist": {
                "type": "zip",
                "url": "https://api.github.com/repos/doctrine/inflector/zipball/8b4b3ccec7aafc596e2fc1e593c9f2e78f939c8c",
                "reference": "8b4b3ccec7aafc596e2fc1e593c9f2e78f939c8c",
                "shasum": ""
            },
            "require": {
                "php": ">=5.3.2"
            },
            "type": "library",
            "extra": {
                "branch-alias": {
                    "dev-master": "1.0.x-dev"
                }
            },
            "autoload": {
                "psr-0": {
                    "Doctrine\\Common\\Inflector\\": "lib/"
                }
            },
            "notification-url": "https://packagist.org/downloads/",
            "license": [
                "MIT"
            ],
            "authors": [
                {
                    "name": "Jonathan Wage",
                    "email": "jonwage@gmail.com",
                    "homepage": "http://www.jwage.com/"
                },
                {
                    "name": "Guilherme Blanco",
                    "email": "guilhermeblanco@gmail.com",
                    "homepage": "http://www.instaclick.com"
                },
                {
                    "name": "Roman Borschel",
                    "email": "roman@code-factory.org"
                },
                {
                    "name": "Benjamin Eberlei",
                    "email": "kontakt@beberlei.de"
                },
                {
                    "name": "Johannes Schmitt",
                    "email": "schmittjoh@gmail.com",
                    "homepage": "http://jmsyst.com",
                    "role": "Developer of wrapped JMSSerializerBundle"
                }
            ],
            "description": "Common String Manipulations with regard to casing and singular/plural rules.",
            "homepage": "http://www.doctrine-project.org",
            "keywords": [
                "inflection",
                "pluralize",
                "singularize",
                "string"
            ],
            "time": "2013-04-10 16:14:30"
        },
        {
            "name": "doctrine/lexer",
            "version": "dev-master",
            "source": {
                "type": "git",
                "url": "https://github.com/doctrine/lexer.git",
                "reference": "bc0e1f0cc285127a38c6c8ea88bc5dba2fd53e94"
            },
            "dist": {
                "type": "zip",
                "url": "https://api.github.com/repos/doctrine/lexer/zipball/bc0e1f0cc285127a38c6c8ea88bc5dba2fd53e94",
                "reference": "bc0e1f0cc285127a38c6c8ea88bc5dba2fd53e94",
                "shasum": ""
            },
            "require": {
                "php": ">=5.3.2"
            },
            "type": "library",
            "extra": {
                "branch-alias": {
                    "dev-master": "1.0.x-dev"
                }
            },
            "autoload": {
                "psr-0": {
                    "Doctrine\\Common\\Lexer\\": "lib/"
                }
            },
            "notification-url": "https://packagist.org/downloads/",
            "license": [
                "MIT"
            ],
            "authors": [
                {
                    "name": "Guilherme Blanco",
                    "email": "guilhermeblanco@gmail.com",
                    "homepage": "http://www.instaclick.com"
                },
                {
                    "name": "Roman Borschel",
                    "email": "roman@code-factory.org"
                },
                {
                    "name": "Johannes Schmitt",
                    "email": "schmittjoh@gmail.com",
                    "homepage": "http://jmsyst.com",
                    "role": "Developer of wrapped JMSSerializerBundle"
                }
            ],
            "description": "Base library for a lexer that can be used in Top-Down, Recursive Descent Parsers.",
            "homepage": "http://www.doctrine-project.org",
            "keywords": [
                "lexer",
                "parser"
            ],
            "time": "2013-03-07 12:15:25"
        },
        {
            "name": "doctrine/mongodb",
            "version": "1.0.x-dev",
            "source": {
                "type": "git",
                "url": "https://github.com/doctrine/mongodb.git",
                "reference": "a263d678744d80edfbae34f862a4c93b0e28b55b"
            },
            "dist": {
                "type": "zip",
                "url": "https://api.github.com/repos/doctrine/mongodb/zipball/a263d678744d80edfbae34f862a4c93b0e28b55b",
                "reference": "a263d678744d80edfbae34f862a4c93b0e28b55b",
                "shasum": ""
            },
            "require": {
                "doctrine/common": ">=2.1.0,<2.5-dev",
                "ext-mongo": ">=1.2.12,<1.5-dev",
                "php": ">=5.3.2"
            },
            "type": "library",
            "autoload": {
                "psr-0": {
                    "Doctrine\\MongoDB": "lib/"
                }
            },
            "notification-url": "https://packagist.org/downloads/",
            "license": [
                "MIT"
            ],
            "authors": [
                {
                    "name": "Bulat Shakirzyanov",
                    "email": "mallluhuct@gmail.com",
                    "homepage": "http://avalanche123.com"
                },
                {
                    "name": "Jonathan H. Wage",
                    "email": "jonwage@gmail.com",
                    "homepage": "http://www.jwage.com/"
                },
                {
                    "name": "Kris Wallsmith",
                    "email": "kris.wallsmith@gmail.com",
                    "homepage": "http://kriswallsmith.net/"
                },
                {
                    "name": "Jeremy Mikola",
                    "email": "jmikola@gmail.com",
                    "homepage": "http://jmikola.net"
                }
            ],
            "description": "Doctrine MongoDB Abstraction Layer",
            "homepage": "http://www.doctrine-project.org",
            "keywords": [
                "database",
                "mongodb",
                "persistence"
            ],
            "time": "2013-09-09 15:53:46"
        },
        {
            "name": "doctrine/mongodb-odm",
            "version": "dev-master",
            "source": {
                "type": "git",
                "url": "https://github.com/doctrine/mongodb-odm.git",
                "reference": "4337a196395e26c167bdde5def8fc33503d6e202"
            },
            "dist": {
                "type": "zip",
                "url": "https://api.github.com/repos/doctrine/mongodb-odm/zipball/4337a196395e26c167bdde5def8fc33503d6e202",
                "reference": "4337a196395e26c167bdde5def8fc33503d6e202",
                "shasum": ""
            },
            "require": {
                "doctrine/annotations": "~1.0",
                "doctrine/cache": "~1.0",
                "doctrine/collections": "~1.0",
                "doctrine/common": "2.4.*",
                "doctrine/inflector": "~1.0",
                "doctrine/mongodb": "1.0.*",
                "php": ">=5.3.2",
                "symfony/console": "~2.0"
            },
            "require-dev": {
                "symfony/yaml": "~2.0"
            },
            "suggest": {
                "symfony/yaml": "Enables the YAML metadata mapping driver"
            },
            "type": "library",
            "extra": {
                "branch-alias": {
                    "dev-master": "1.0.x-dev"
                }
            },
            "autoload": {
                "psr-0": {
                    "Doctrine\\ODM\\MongoDB": "lib/"
                }
            },
            "notification-url": "https://packagist.org/downloads/",
            "license": [
                "MIT"
            ],
            "authors": [
                {
                    "name": "Bulat Shakirzyanov",
                    "email": "mallluhuct@gmail.com",
                    "homepage": "http://avalanche123.com"
                },
                {
                    "name": "Jonathan H. Wage",
                    "email": "jonwage@gmail.com",
                    "homepage": "http://www.jwage.com/"
                },
                {
                    "name": "Kris Wallsmith",
                    "email": "kris.wallsmith@gmail.com",
                    "homepage": "http://kriswallsmith.net/"
                },
                {
                    "name": "Jeremy Mikola",
                    "email": "jmikola@gmail.com",
                    "homepage": "http://jmikola.net"
                }
            ],
            "description": "Doctrine MongoDB Object Document Mapper",
            "homepage": "http://www.doctrine-project.org",
            "keywords": [
                "database",
                "mongodb",
                "odm",
                "persistence"
            ],
            "time": "2013-10-25 18:50:17"
        },
        {
            "name": "genphrase/genphrase",
            "version": "dev-master",
            "source": {
                "type": "git",
                "url": "https://github.com/timoh6/GenPhrase.git",
                "reference": "349b469102dc83914e3b9ee8a708650a5edb65a9"
            },
            "dist": {
                "type": "zip",
                "url": "https://api.github.com/repos/timoh6/GenPhrase/zipball/349b469102dc83914e3b9ee8a708650a5edb65a9",
                "reference": "349b469102dc83914e3b9ee8a708650a5edb65a9",
                "shasum": ""
            },
            "require": {
                "php": ">=5.3.0"
            },
            "type": "library",
            "autoload": {
                "psr-0": {
                    "GenPhrase": "library/"
                }
            },
            "notification-url": "https://packagist.org/downloads/",
            "license": [
                "MIT"
            ],
            "description": "Secure passphrase generator for PHP applications",
            "homepage": "https://github.com/timoh6/GenPhrase",
            "keywords": [
                "diceware",
                "generator",
                "passphrase",
                "password",
                "random",
                "secure"
            ],
            "time": "2013-09-26 08:56:20"
        },
        {
            "name": "ircmaxell/password-compat",
            "version": "dev-master",
            "source": {
                "type": "git",
                "url": "https://github.com/ircmaxell/password_compat.git",
                "reference": "1f482f79b9c336b1f658eb08d7bbf2b9901d9aee"
            },
            "dist": {
                "type": "zip",
                "url": "https://api.github.com/repos/ircmaxell/password_compat/zipball/1f482f79b9c336b1f658eb08d7bbf2b9901d9aee",
                "reference": "1f482f79b9c336b1f658eb08d7bbf2b9901d9aee",
                "shasum": ""
            },
            "type": "library",
            "autoload": {
                "files": [
                    "lib/password.php"
                ]
            },
            "notification-url": "https://packagist.org/downloads/",
            "license": [
                "MIT"
            ],
            "authors": [
                {
                    "name": "Anthony Ferrara",
                    "email": "ircmaxell@php.net",
                    "homepage": "http://blog.ircmaxell.com"
                }
            ],
            "description": "A compatibility library for the proposed simplified password hashing algorithm: https://wiki.php.net/rfc/password_hash",
            "homepage": "https://github.com/ircmaxell/password_compat",
            "keywords": [
                "hashing",
                "password"
            ],
            "time": "2013-09-10 15:32:56"
        },
        {
            "name": "kdyby/redis",
            "version": "dev-master",
            "source": {
                "type": "git",
                "url": "https://github.com/Kdyby/Redis.git",
                "reference": "96ba327caee61654edb1a72de42ca0aa33a5ab73"
            },
            "dist": {
                "type": "zip",
                "url": "https://api.github.com/repos/Kdyby/Redis/zipball/96ba327caee61654edb1a72de42ca0aa33a5ab73",
                "reference": "96ba327caee61654edb1a72de42ca0aa33a5ab73",
                "shasum": ""
            },
            "require": {
                "nette/nette": "@dev"
            },
            "require-dev": {
                "nette/tester": "@dev"
            },
            "suggest": {
                "ext-redis": "The php redis extension https://github.com/nicolasff/phpredis/ is required for connecting to redis server"
            },
            "type": "library",
            "autoload": {
                "psr-0": {
                    "Kdyby\\Redis\\": "src/"
                },
                "classmap": [
                    "src/Kdyby/Redis/exceptions.php"
                ]
            },
            "notification-url": "https://packagist.org/downloads/",
            "license": [
                "BSD-3-Clause",
                "GPL-2.0",
                "GPL-3.0"
            ],
            "authors": [
                {
                    "name": "Filip Procházka",
                    "homepage": "http://filip-prochazka.com"
                }
            ],
            "description": "Redis storage for Nette Framework",
            "homepage": "http://kdyby.org",
            "keywords": [
                "cache",
                "client",
                "kdyby",
                "nette",
                "redis"
            ],
            "time": "2013-10-01 20:03:29"
        },
        {
            "name": "monolog/monolog",
            "version": "dev-master",
            "source": {
                "type": "git",
                "url": "https://github.com/Seldaek/monolog.git",
                "reference": "c600461b0f1a8943696f931fc11db475193f62cd"
            },
            "dist": {
                "type": "zip",
                "url": "https://api.github.com/repos/Seldaek/monolog/zipball/c600461b0f1a8943696f931fc11db475193f62cd",
                "reference": "c600461b0f1a8943696f931fc11db475193f62cd",
                "shasum": ""
            },
            "require": {
                "php": ">=5.3.0",
                "psr/log": "~1.0"
            },
            "require-dev": {
                "doctrine/couchdb": "dev-master",
                "mlehner/gelf-php": "1.0.*",
                "phpunit/phpunit": "~3.7.0",
                "raven/raven": "0.5.*"
            },
            "suggest": {
                "doctrine/couchdb": "Allow sending log messages to a CouchDB server",
                "ext-amqp": "Allow sending log messages to an AMQP server (1.0+ required)",
                "ext-mongo": "Allow sending log messages to a MongoDB server",
                "mlehner/gelf-php": "Allow sending log messages to a GrayLog2 server",
                "raven/raven": "Allow sending log messages to a Sentry server"
            },
            "type": "library",
            "extra": {
                "branch-alias": {
                    "dev-master": "1.6.x-dev"
                }
            },
            "autoload": {
                "psr-0": {
                    "Monolog": "src/"
                }
            },
            "notification-url": "https://packagist.org/downloads/",
            "license": [
                "MIT"
            ],
            "authors": [
                {
                    "name": "Jordi Boggiano",
                    "email": "j.boggiano@seld.be",
                    "homepage": "http://seld.be",
                    "role": "Developer"
                }
            ],
            "description": "Sends your logs to files, sockets, inboxes, databases and various web services",
            "homepage": "http://github.com/Seldaek/monolog",
            "keywords": [
                "log",
                "logging",
                "psr-3"
            ],
            "time": "2013-10-24 12:32:52"
        },
        {
            "name": "nette/nette",
            "version": "dev-master",
            "source": {
                "type": "git",
                "url": "https://github.com/nette/nette.git",
                "reference": "a27ed4df8dda6f8b7058485b46004cef48a99e3b"
            },
            "dist": {
                "type": "zip",
                "url": "https://api.github.com/repos/nette/nette/zipball/a27ed4df8dda6f8b7058485b46004cef48a99e3b",
                "reference": "a27ed4df8dda6f8b7058485b46004cef48a99e3b",
                "shasum": ""
            },
            "require": {
                "ext-iconv": "*",
                "ext-tokenizer": "*",
                "php": ">=5.3.0"
            },
            "require-dev": {
                "nette/tester": "@dev"
            },
            "suggest": {
                "ext-fileinfo": "*",
                "ext-gd": "*",
                "ext-mbstring": "*",
                "ext-memcache": "*",
                "ext-pdo": "*"
            },
            "type": "library",
            "extra": {
                "branch-alias": {
                    "dev-master": "2.1-dev"
                }
            },
            "autoload": {
                "files": [
                    "Nette/loader.php"
                ]
            },
            "notification-url": "https://packagist.org/downloads/",
            "license": [
                "BSD-3-Clause",
                "GPL-2.0",
                "GPL-3.0"
            ],
            "authors": [
                {
                    "name": "David Grudl",
                    "homepage": "http://davidgrudl.com"
                },
                {
                    "name": "Nette Community",
                    "homepage": "http://nette.org/contributors"
                }
            ],
            "description": "Nette Framework - innovative framework for fast and easy development of secured web applications in PHP. Write less, have cleaner code and your work will bring you joy.",
            "homepage": "http://nette.org",
            "keywords": [
                "Forms",
                "database",
                "dbal",
                "debugging",
                "framework",
                "images",
                "latte",
                "mailing",
                "micro",
                "mvc",
                "neon",
                "templating"
            ],
            "time": "2013-10-21 23:36:35"
        },
        {
            "name": "nikic/php-parser",
            "version": "dev-master",
            "source": {
                "type": "git",
                "url": "https://github.com/nikic/PHP-Parser.git",
                "reference": "700847e2951942200b479c413aa2984b5364799b"
            },
            "dist": {
                "type": "zip",
                "url": "https://api.github.com/repos/nikic/PHP-Parser/zipball/700847e2951942200b479c413aa2984b5364799b",
                "reference": "700847e2951942200b479c413aa2984b5364799b",
                "shasum": ""
            },
            "require": {
                "ext-tokenizer": "*",
                "php": ">=5.2"
            },
            "type": "library",
            "extra": {
                "branch-alias": {
                    "dev-master": "0.9-dev"
                }
            },
            "autoload": {
                "psr-0": {
                    "PHPParser": "lib/"
                }
            },
            "notification-url": "https://packagist.org/downloads/",
            "license": [
                "BSD-3-Clause"
            ],
            "authors": [
                {
                    "name": "Nikita Popov"
                }
            ],
            "description": "A PHP parser written in PHP",
            "keywords": [
                "parser",
                "php"
            ],
            "time": "2013-09-28 11:21:30"
        },
        {
            "name": "psr/log",
            "version": "1.0.0",
            "source": {
                "type": "git",
                "url": "https://github.com/php-fig/log.git",
                "reference": "fe0936ee26643249e916849d48e3a51d5f5e278b"
            },
            "dist": {
                "type": "zip",
                "url": "https://api.github.com/repos/php-fig/log/zipball/fe0936ee26643249e916849d48e3a51d5f5e278b",
                "reference": "fe0936ee26643249e916849d48e3a51d5f5e278b",
                "shasum": ""
            },
            "type": "library",
            "autoload": {
                "psr-0": {
                    "Psr\\Log\\": ""
                }
            },
            "notification-url": "https://packagist.org/downloads/",
            "license": [
                "MIT"
            ],
            "authors": [
                {
                    "name": "PHP-FIG",
                    "homepage": "http://www.php-fig.org/"
                }
            ],
            "description": "Common interface for logging libraries",
            "keywords": [
                "log",
                "psr",
                "psr-3"
            ],
            "time": "2012-12-21 11:40:51"
        },
        {
            "name": "rych/phpass",
            "version": "dev-master",
            "source": {
                "type": "git",
                "url": "https://github.com/rchouinard/phpass.git",
                "reference": "565df4bb93fe8926ae976ce975bfc89d782d0bf7"
            },
            "dist": {
                "type": "zip",
                "url": "https://api.github.com/repos/rchouinard/phpass/zipball/565df4bb93fe8926ae976ce975bfc89d782d0bf7",
                "reference": "565df4bb93fe8926ae976ce975bfc89d782d0bf7",
                "shasum": ""
            },
            "require": {
                "php": ">=5.3.7"
            },
            "suggest": {
                "ext-hash": "Some modules and features may require the HASH Message Digest Framework extension in order to work.",
                "ext-openssl": "The OpenSSL extension is used as a secure source of random data."
            },
            "type": "library",
            "extra": {
                "branch-alias": {
                    "dev-master": "2.1-dev"
                }
            },
            "autoload": {
                "psr-0": {
                    "Phpass": "src/"
                }
            },
            "notification-url": "https://packagist.org/downloads/",
            "license": [
                "MIT"
            ],
            "authors": [
                {
                    "name": "Ryan Chouinard",
                    "email": "rchouinard@gmail.com",
                    "homepage": "http://ryanchouinard.com"
                }
            ],
            "description": "PHP Password Library: Easy, secure password management for PHP",
            "homepage": "https://github.com/rchouinard/phpass",
            "keywords": [
                "cryptography",
                "password"
            ],
            "time": "2012-10-12 01:17:51"
        },
        {
            "name": "symfony/console",
            "version": "dev-master",
            "target-dir": "Symfony/Component/Console",
            "source": {
                "type": "git",
                "url": "https://github.com/symfony/Console.git",
                "reference": "662a2922e0bcb3669e66ab36c20ce508c68b1d46"
            },
            "dist": {
                "type": "zip",
                "url": "https://api.github.com/repos/symfony/Console/zipball/662a2922e0bcb3669e66ab36c20ce508c68b1d46",
                "reference": "662a2922e0bcb3669e66ab36c20ce508c68b1d46",
                "shasum": ""
            },
            "require": {
                "php": ">=5.3.3"
            },
            "require-dev": {
                "symfony/event-dispatcher": "~2.1"
            },
            "suggest": {
                "symfony/event-dispatcher": ""
            },
            "type": "library",
            "extra": {
                "branch-alias": {
                    "dev-master": "2.4-dev"
                }
            },
            "autoload": {
                "psr-0": {
                    "Symfony\\Component\\Console\\": ""
                }
            },
            "notification-url": "https://packagist.org/downloads/",
            "license": [
                "MIT"
            ],
            "authors": [
                {
                    "name": "Fabien Potencier",
                    "email": "fabien@symfony.com"
                },
                {
                    "name": "Symfony Community",
                    "homepage": "http://symfony.com/contributors"
                }
            ],
            "description": "Symfony Console Component",
            "homepage": "http://symfony.com",
            "time": "2013-10-23 08:18:42"
        },
        {
            "name": "symfony/event-dispatcher",
            "version": "dev-master",
            "target-dir": "Symfony/Component/EventDispatcher",
            "source": {
                "type": "git",
                "url": "https://github.com/symfony/EventDispatcher.git",
                "reference": "d51d78b34c1d9dcc384ba48155105fe99284dd67"
            },
            "dist": {
                "type": "zip",
                "url": "https://api.github.com/repos/symfony/EventDispatcher/zipball/d51d78b34c1d9dcc384ba48155105fe99284dd67",
                "reference": "d51d78b34c1d9dcc384ba48155105fe99284dd67",
                "shasum": ""
            },
            "require": {
                "php": ">=5.3.3"
            },
            "require-dev": {
                "symfony/dependency-injection": "~2.0"
            },
            "suggest": {
                "symfony/dependency-injection": "",
                "symfony/http-kernel": ""
            },
            "type": "library",
            "extra": {
                "branch-alias": {
                    "dev-master": "2.4-dev"
                }
            },
            "autoload": {
                "psr-0": {
                    "Symfony\\Component\\EventDispatcher\\": ""
                }
            },
            "notification-url": "https://packagist.org/downloads/",
            "license": [
                "MIT"
            ],
            "authors": [
                {
                    "name": "Fabien Potencier",
                    "email": "fabien@symfony.com"
                },
                {
                    "name": "Symfony Community",
                    "homepage": "http://symfony.com/contributors"
                }
            ],
            "description": "Symfony EventDispatcher Component",
            "homepage": "http://symfony.com",
            "time": "2013-10-17 11:48:11"
        }
    ],
    "packages-dev": [

    ],
    "aliases": [

    ],
    "minimum-stability": "dev",
    "stability-flags": {
        "doctrine/mongodb-odm": 20,
        "nette/nette": 20,
        "bazo/gridder": 20,
        "bazo/nette-document-manager-extension": 20,
        "bazo/nette-translation": 20,
        "bazo/nette-console-extension": 20,
        "bazo/nette-monolog-extension": 20,
        "bazo/nette-mediator-extension": 20,
        "rych/phpass": 20,
        "genphrase/genphrase": 20,
        "kdyby/redis": 20,
        "ircmaxell/password-compat": 20
    },
    "platform": {
        "php": ">=5.4.0"
    },
    "platform-dev": [

    ]
}
