{
    "_readme": [
        "This file locks the dependencies of your project to a known state",
        "Read more about it at http://getcomposer.org/doc/01-basic-usage.md#composer-lock-the-lock-file"
    ],
    "hash": "2608b227e564f04267596e112a74c628",
    "packages": [
        {
            "name": "bazo/gridder",
            "version": "dev-master",
            "source": {
                "type": "git",
                "url": "https://github.com/bazo/nette-gridder.git",
                "reference": "9cb4bff5284634f5983b69e6f33451cd693653d5"
            },
            "dist": {
                "type": "zip",
                "url": "https://api.github.com/repos/bazo/nette-gridder/zipball/9cb4bff5284634f5983b69e6f33451cd693653d5",
                "reference": "9cb4bff5284634f5983b69e6f33451cd693653d5",
                "shasum": ""
            },
            "require": {
                "bazo/nette-form-controls": "*",
                "php": ">=5.3.0"
            },
            "type": "library",
            "autoload": {
                "psr-0": {
                    "Gridder": ""
                }
            },
            "notification-url": "https://packagist.org/downloads/",
            "authors": [
                {
                    "name": "Martin Bažík",
                    "email": "martin@bazo.sk",
                    "homepage": "http://bazo.sk"
                }
            ],
            "description": "Datagrid for Nette framework with Mongo ODM support",
            "homepage": "https://github.com/bazo/nette-gridder",
            "keywords": [
                "datagrid",
                "mongo odm",
                "mongodb",
                "nette",
                "odm"
            ],
            "time": "2012-09-15 16:00:50"
        },
        {
            "name": "bazo/nette-document-manager-extension",
            "version": "dev-master",
            "source": {
                "type": "git",
                "url": "https://github.com/bazo/nette-document-manager-extension.git",
                "reference": "d6ab55342257b583f3b2aedde7e9a119451f27d9"
            },
            "dist": {
                "type": "zip",
                "url": "https://api.github.com/repos/bazo/nette-document-manager-extension/zipball/d6ab55342257b583f3b2aedde7e9a119451f27d9",
                "reference": "d6ab55342257b583f3b2aedde7e9a119451f27d9",
                "shasum": ""
            },
            "require": {
                "doctrine/mongodb-odm": "*",
                "php": ">=5.3.0"
            },
            "type": "library",
            "autoload": {
                "psr-0": {
                    "Bazo": ""
                }
            },
            "notification-url": "https://packagist.org/downloads/",
            "authors": [
                {
                    "name": "Martin Bažík",
                    "email": "martin@bazo.sk",
                    "homepage": "http://bazo.sk"
                }
            ],
            "description": "Nette document manager compiler extension",
            "homepage": "https://github.com/bazo/nette-document-manager-extension",
            "keywords": [
                "extension",
                "mongodb",
                "nette"
            ],
            "time": "2013-05-10 11:23:37"
        },
        {
            "name": "bazo/nette-form-controls",
            "version": "dev-master",
            "source": {
                "type": "git",
                "url": "https://github.com/bazo/nette-form-controls.git",
                "reference": "1d493606b2ed99ed821194d3dcb99fa65b75f3ea"
            },
            "dist": {
                "type": "zip",
                "url": "https://api.github.com/repos/bazo/nette-form-controls/zipball/1d493606b2ed99ed821194d3dcb99fa65b75f3ea",
                "reference": "1d493606b2ed99ed821194d3dcb99fa65b75f3ea",
                "shasum": ""
            },
            "require": {
                "php": ">=5.3.0"
            },
            "type": "library",
            "autoload": {
                "psr-0": {
                    "Bazo\\Forms\\Controls": ""
                }
            },
            "notification-url": "https://packagist.org/downloads/",
            "authors": [
                {
                    "name": "Martin Bažík",
                    "email": "martin@bazo.sk",
                    "homepage": "http://bazo.sk"
                }
            ],
            "description": "Various form controls for Nette framework",
            "homepage": "https://github.com/bazo/nette-form-controls",
            "keywords": [
                "Forms",
                "controls",
                "nette"
            ],
            "time": "2012-07-14 19:03:19"
        },
        {
            "name": "doctrine/annotations",
            "version": "v1.1.2",
            "source": {
                "type": "git",
                "url": "https://github.com/doctrine/annotations.git",
                "reference": "v1.1.2"
            },
            "dist": {
                "type": "zip",
                "url": "https://api.github.com/repos/doctrine/annotations/zipball/v1.1.2",
                "reference": "v1.1.2",
                "shasum": ""
            },
            "require": {
                "doctrine/lexer": "1.*",
                "php": ">=5.3.2"
            },
            "require-dev": {
                "doctrine/cache": "1.*"
            },
            "type": "library",
            "extra": {
                "branch-alias": {
                    "dev-master": "1.0.x-dev"
                }
            },
            "autoload": {
                "psr-0": {
                    "Doctrine\\Common\\Annotations\\": "lib/"
                }
            },
            "notification-url": "https://packagist.org/downloads/",
            "license": [
                "MIT"
            ],
            "authors": [
                {
                    "name": "Jonathan Wage",
                    "email": "jonwage@gmail.com",
                    "homepage": "http://www.jwage.com/"
                },
                {
                    "name": "Guilherme Blanco",
                    "email": "guilhermeblanco@gmail.com",
                    "homepage": "http://www.instaclick.com"
                },
                {
                    "name": "Roman Borschel",
                    "email": "roman@code-factory.org"
                },
                {
                    "name": "Benjamin Eberlei",
                    "email": "kontakt@beberlei.de"
                },
                {
                    "name": "Johannes Schmitt",
                    "email": "schmittjoh@gmail.com",
                    "homepage": "http://jmsyst.com",
                    "role": "Developer of wrapped JMSSerializerBundle"
                }
            ],
            "description": "Docblock Annotations Parser",
            "homepage": "http://www.doctrine-project.org",
            "keywords": [
                "annotations",
                "docblock",
                "parser"
            ],
            "time": "2013-06-16 21:33:03"
        },
        {
            "name": "doctrine/cache",
            "version": "dev-master",
            "source": {
                "type": "git",
                "url": "https://github.com/doctrine/cache.git",
                "reference": "dc3438804c6303f1b5892f184a79aa8e3ce5d81d"
            },
            "dist": {
                "type": "zip",
                "url": "https://api.github.com/repos/doctrine/cache/zipball/dc3438804c6303f1b5892f184a79aa8e3ce5d81d",
                "reference": "dc3438804c6303f1b5892f184a79aa8e3ce5d81d",
                "shasum": ""
            },
            "require": {
                "php": ">=5.3.2"
            },
            "conflict": {
                "doctrine/common": ">2.2,<2.4"
            },
            "type": "library",
            "extra": {
                "branch-alias": {
                    "dev-master": "1.0.x-dev"
                }
            },
            "autoload": {
                "psr-0": {
                    "Doctrine\\Common\\Cache\\": "lib/"
                }
            },
            "notification-url": "https://packagist.org/downloads/",
            "license": [
                "MIT"
            ],
            "authors": [
                {
                    "name": "Jonathan Wage",
                    "email": "jonwage@gmail.com",
                    "homepage": "http://www.jwage.com/"
                },
                {
                    "name": "Guilherme Blanco",
                    "email": "guilhermeblanco@gmail.com",
                    "homepage": "http://www.instaclick.com"
                },
                {
                    "name": "Roman Borschel",
                    "email": "roman@code-factory.org"
                },
                {
                    "name": "Benjamin Eberlei",
                    "email": "kontakt@beberlei.de"
                },
                {
                    "name": "Johannes Schmitt",
                    "email": "schmittjoh@gmail.com",
                    "homepage": "http://jmsyst.com",
                    "role": "Developer of wrapped JMSSerializerBundle"
                }
            ],
            "description": "Caching library offering an object-oriented API for many cache backends",
            "homepage": "http://www.doctrine-project.org",
            "keywords": [
                "cache",
                "caching"
            ],
            "time": "2013-07-04 15:48:06"
        },
        {
            "name": "doctrine/collections",
            "version": "dev-master",
            "source": {
                "type": "git",
                "url": "https://github.com/doctrine/collections.git",
                "reference": "3db3ab843ff76774bee4679d4cb3a10cffb0a935"
            },
            "dist": {
                "type": "zip",
                "url": "https://api.github.com/repos/doctrine/collections/zipball/3db3ab843ff76774bee4679d4cb3a10cffb0a935",
                "reference": "3db3ab843ff76774bee4679d4cb3a10cffb0a935",
                "shasum": ""
            },
            "require": {
                "php": ">=5.3.2"
            },
            "type": "library",
            "extra": {
                "branch-alias": {
                    "dev-master": "1.2.x-dev"
                }
            },
            "autoload": {
                "psr-0": {
                    "Doctrine\\Common\\Collections\\": "lib/"
                }
            },
            "notification-url": "https://packagist.org/downloads/",
            "license": [
                "MIT"
            ],
            "authors": [
                {
                    "name": "Jonathan Wage",
                    "email": "jonwage@gmail.com",
                    "homepage": "http://www.jwage.com/"
                },
                {
                    "name": "Guilherme Blanco",
                    "email": "guilhermeblanco@gmail.com",
                    "homepage": "http://www.instaclick.com"
                },
                {
                    "name": "Roman Borschel",
                    "email": "roman@code-factory.org"
                },
                {
                    "name": "Benjamin Eberlei",
                    "email": "kontakt@beberlei.de"
                },
                {
                    "name": "Johannes Schmitt",
                    "email": "schmittjoh@gmail.com",
                    "homepage": "http://jmsyst.com",
                    "role": "Developer of wrapped JMSSerializerBundle"
                }
            ],
            "description": "Collections Abstraction library",
            "homepage": "http://www.doctrine-project.org",
            "keywords": [
                "array",
                "collections",
                "iterator"
            ],
            "time": "2013-05-26 05:21:22"
        },
        {
            "name": "doctrine/common",
            "version": "dev-master",
            "source": {
                "type": "git",
                "url": "https://github.com/doctrine/common.git",
                "reference": "6a39bb947b20d12a16820f2709509e41e28af005"
            },
            "dist": {
                "type": "zip",
                "url": "https://api.github.com/repos/doctrine/common/zipball/6a39bb947b20d12a16820f2709509e41e28af005",
                "reference": "6a39bb947b20d12a16820f2709509e41e28af005",
                "shasum": ""
            },
            "require": {
                "doctrine/annotations": "1.*",
                "doctrine/cache": "1.*",
                "doctrine/collections": "1.*",
                "doctrine/inflector": "1.*",
                "doctrine/lexer": "1.*",
                "php": ">=5.3.2"
            },
            "type": "library",
            "extra": {
                "branch-alias": {
                    "dev-master": "2.4.x-dev"
                }
            },
            "autoload": {
                "psr-0": {
                    "Doctrine\\Common\\": "lib/"
                }
            },
            "notification-url": "https://packagist.org/downloads/",
            "license": [
                "MIT"
            ],
            "authors": [
                {
                    "name": "Jonathan Wage",
                    "email": "jonwage@gmail.com",
                    "homepage": "http://www.jwage.com/"
                },
                {
                    "name": "Guilherme Blanco",
                    "email": "guilhermeblanco@gmail.com",
                    "homepage": "http://www.instaclick.com"
                },
                {
                    "name": "Roman Borschel",
                    "email": "roman@code-factory.org"
                },
                {
                    "name": "Benjamin Eberlei",
                    "email": "kontakt@beberlei.de"
                },
                {
                    "name": "Johannes Schmitt",
                    "email": "schmittjoh@gmail.com",
                    "homepage": "http://jmsyst.com",
                    "role": "Developer of wrapped JMSSerializerBundle"
                }
            ],
            "description": "Common Library for Doctrine projects",
            "homepage": "http://www.doctrine-project.org",
            "keywords": [
                "annotations",
                "collections",
                "eventmanager",
                "persistence",
                "spl"
            ],
            "time": "2013-07-02 11:26:20"
        },
        {
            "name": "doctrine/inflector",
            "version": "dev-master",
            "source": {
                "type": "git",
                "url": "https://github.com/doctrine/inflector.git",
                "reference": "8b4b3ccec7aafc596e2fc1e593c9f2e78f939c8c"
            },
            "dist": {
                "type": "zip",
                "url": "https://api.github.com/repos/doctrine/inflector/zipball/8b4b3ccec7aafc596e2fc1e593c9f2e78f939c8c",
                "reference": "8b4b3ccec7aafc596e2fc1e593c9f2e78f939c8c",
                "shasum": ""
            },
            "require": {
                "php": ">=5.3.2"
            },
            "type": "library",
            "extra": {
                "branch-alias": {
                    "dev-master": "1.0.x-dev"
                }
            },
            "autoload": {
                "psr-0": {
                    "Doctrine\\Common\\Inflector\\": "lib/"
                }
            },
            "notification-url": "https://packagist.org/downloads/",
            "license": [
                "MIT"
            ],
            "authors": [
                {
                    "name": "Jonathan Wage",
                    "email": "jonwage@gmail.com",
                    "homepage": "http://www.jwage.com/"
                },
                {
                    "name": "Guilherme Blanco",
                    "email": "guilhermeblanco@gmail.com",
                    "homepage": "http://www.instaclick.com"
                },
                {
                    "name": "Roman Borschel",
                    "email": "roman@code-factory.org"
                },
                {
                    "name": "Benjamin Eberlei",
                    "email": "kontakt@beberlei.de"
                },
                {
                    "name": "Johannes Schmitt",
                    "email": "schmittjoh@gmail.com",
                    "homepage": "http://jmsyst.com",
                    "role": "Developer of wrapped JMSSerializerBundle"
                }
            ],
            "description": "Common String Manipulations with regard to casing and singular/plural rules.",
            "homepage": "http://www.doctrine-project.org",
            "keywords": [
                "inflection",
                "pluralize",
                "singularize",
                "string"
            ],
            "time": "2013-04-10 16:14:30"
        },
        {
            "name": "doctrine/lexer",
            "version": "dev-master",
            "source": {
                "type": "git",
                "url": "https://github.com/doctrine/lexer.git",
                "reference": "bc0e1f0cc285127a38c6c8ea88bc5dba2fd53e94"
            },
            "dist": {
                "type": "zip",
                "url": "https://api.github.com/repos/doctrine/lexer/zipball/bc0e1f0cc285127a38c6c8ea88bc5dba2fd53e94",
                "reference": "bc0e1f0cc285127a38c6c8ea88bc5dba2fd53e94",
                "shasum": ""
            },
            "require": {
                "php": ">=5.3.2"
            },
            "type": "library",
            "extra": {
                "branch-alias": {
                    "dev-master": "1.0.x-dev"
                }
            },
            "autoload": {
                "psr-0": {
                    "Doctrine\\Common\\Lexer\\": "lib/"
                }
            },
            "notification-url": "https://packagist.org/downloads/",
            "license": [
                "MIT"
            ],
            "authors": [
                {
                    "name": "Guilherme Blanco",
                    "email": "guilhermeblanco@gmail.com",
                    "homepage": "http://www.instaclick.com"
                },
                {
                    "name": "Roman Borschel",
                    "email": "roman@code-factory.org"
                },
                {
                    "name": "Johannes Schmitt",
                    "email": "schmittjoh@gmail.com",
                    "homepage": "http://jmsyst.com",
                    "role": "Developer of wrapped JMSSerializerBundle"
                }
            ],
            "description": "Base library for a lexer that can be used in Top-Down, Recursive Descent Parsers.",
            "homepage": "http://www.doctrine-project.org",
            "keywords": [
                "lexer",
                "parser"
            ],
            "time": "2013-03-07 12:15:25"
        },
        {
            "name": "doctrine/mongodb",
            "version": "1.0.x-dev",
            "source": {
                "type": "git",
                "url": "https://github.com/doctrine/mongodb.git",
                "reference": "009ea85b2e6ba067fbce28b2e9ca80aea7fa2a6f"
            },
            "dist": {
                "type": "zip",
                "url": "https://api.github.com/repos/doctrine/mongodb/zipball/009ea85b2e6ba067fbce28b2e9ca80aea7fa2a6f",
                "reference": "009ea85b2e6ba067fbce28b2e9ca80aea7fa2a6f",
                "shasum": ""
            },
            "require": {
                "doctrine/common": ">=2.1.0,<2.5-dev",
                "ext-mongo": ">=1.2.12,<1.5-dev",
                "php": ">=5.3.2"
            },
            "type": "library",
            "autoload": {
                "psr-0": {
                    "Doctrine\\MongoDB": "lib/"
                }
            },
            "notification-url": "https://packagist.org/downloads/",
            "license": [
                "MIT"
            ],
            "authors": [
                {
                    "name": "Bulat Shakirzyanov",
                    "email": "mallluhuct@gmail.com",
                    "homepage": "http://avalanche123.com"
                },
                {
                    "name": "Jonathan H. Wage",
                    "email": "jonwage@gmail.com",
                    "homepage": "http://www.jwage.com/"
                },
                {
                    "name": "Kris Wallsmith",
                    "email": "kris.wallsmith@gmail.com",
                    "homepage": "http://kriswallsmith.net/"
                },
                {
                    "name": "Jeremy Mikola",
                    "email": "jmikola@gmail.com",
                    "homepage": "http://jmikola.net"
                }
            ],
            "description": "Doctrine MongoDB Abstraction Layer",
            "homepage": "http://www.doctrine-project.org",
            "keywords": [
                "database",
                "mongodb",
                "persistence"
            ],
            "time": "2013-07-08 15:15:19"
        },
        {
            "name": "doctrine/mongodb-odm",
            "version": "dev-master",
            "source": {
                "type": "git",
                "url": "https://github.com/doctrine/mongodb-odm.git",
                "reference": "0bf89a83e8c61428b207b4ad71c079c6e5534c3e"
            },
            "dist": {
                "type": "zip",
                "url": "https://api.github.com/repos/doctrine/mongodb-odm/zipball/0bf89a83e8c61428b207b4ad71c079c6e5534c3e",
                "reference": "0bf89a83e8c61428b207b4ad71c079c6e5534c3e",
                "shasum": ""
            },
            "require": {
                "doctrine/common": ">=2.2.0,<2.5-dev",
                "doctrine/mongodb": "1.0.*",
                "php": ">=5.3.2",
                "symfony/console": "~2.0"
            },
            "require-dev": {
                "symfony/yaml": "~2.0"
            },
            "suggest": {
                "symfony/yaml": "Enables the YAML metadata mapping driver"
            },
            "type": "library",
            "extra": {
                "branch-alias": {
                    "dev-master": "1.0.x-dev"
                }
            },
            "autoload": {
                "psr-0": {
                    "Doctrine\\ODM\\MongoDB": "lib/"
                }
            },
            "notification-url": "https://packagist.org/downloads/",
            "license": [
                "MIT"
            ],
            "authors": [
                {
                    "name": "Bulat Shakirzyanov",
                    "email": "mallluhuct@gmail.com",
                    "homepage": "http://avalanche123.com"
                },
                {
                    "name": "Jonathan Wage",
                    "email": "jonwage@gmail.com",
                    "homepage": "http://www.jwage.com/"
                },
                {
                    "name": "Kris Wallsmith",
                    "email": "kris.wallsmith@gmail.com",
                    "homepage": "http://kriswallsmith.net/"
                },
                {
                    "name": "Jeremy Mikola",
                    "email": "jmikola@gmail.com",
                    "homepage": "http://jmikola.net"
                }
            ],
            "description": "Doctrine MongoDB Object Document Mapper",
            "homepage": "http://www.doctrine-project.org",
            "keywords": [
                "database",
                "mongodb",
                "odm",
                "persistence"
            ],
            "time": "2013-07-04 19:12:04"
        },
        {
            "name": "genphrase/genphrase",
            "version": "dev-master",
            "source": {
                "type": "git",
                "url": "https://github.com/timoh6/GenPhrase.git",
                "reference": "c17ed5bb60e7eaeb3ea5c09eac0306a8f63e0f46"
            },
            "dist": {
                "type": "zip",
                "url": "https://api.github.com/repos/timoh6/GenPhrase/zipball/c17ed5bb60e7eaeb3ea5c09eac0306a8f63e0f46",
                "reference": "c17ed5bb60e7eaeb3ea5c09eac0306a8f63e0f46",
                "shasum": ""
            },
            "require": {
                "php": ">=5.3.0"
            },
            "type": "library",
            "autoload": {
                "psr-0": {
                    "GenPhrase": "library/"
                }
            },
            "notification-url": "https://packagist.org/downloads/",
            "license": [
                "MIT"
            ],
            "description": "Secure passphrase generator for PHP applications",
            "homepage": "https://github.com/timoh6/GenPhrase",
            "keywords": [
                "diceware",
                "generator",
                "passphrase",
                "password",
                "random",
                "secure"
            ],
            "time": "2013-03-11 09:56:56"
        },
        {
            "name": "kdyby/redis",
            "version": "dev-master",
            "source": {
                "type": "git",
                "url": "https://github.com/Kdyby/Redis.git",
                "reference": "a501a8fde860727355b0c606fc80358c1eb5b43b"
            },
            "dist": {
                "type": "zip",
                "url": "https://api.github.com/repos/Kdyby/Redis/zipball/e400d81fcf90804772d518ca53b96f6be0318385",
                "reference": "a501a8fde860727355b0c606fc80358c1eb5b43b",
                "shasum": ""
            },
            "require": {
                "nette/nette": "@dev"
            },
            "require-dev": {
                "nette/tester": "@dev"
            },
            "suggest": {
                "ext-redis": "The php redis extension https://github.com/nicolasff/phpredis/ is required for connecting to redis server"
            },
            "type": "library",
            "autoload": {
                "psr-0": {
                    "Kdyby\\Redis\\": "src/"
                },
                "classmap": [
                    "src/Kdyby/Redis/exceptions.php"
                ]
            },
            "notification-url": "https://packagist.org/downloads/",
            "license": [
                "BSD-3-Clause",
                "GPL-2.0",
                "GPL-3.0"
            ],
            "authors": [
                {
                    "name": "Filip Procházka",
                    "homepage": "http://filip-prochazka.com"
                }
            ],
            "description": "Redis storage for Nette Framework",
            "homepage": "http://kdyby.org",
            "keywords": [
                "cache",
                "client",
                "kdyby",
                "nette",
                "redis"
            ],
            "time": "2013-07-09 00:51:47"
        },
        {
            "name": "mazagran/translation",
            "version": "dev-master",
            "source": {
                "type": "git",
                "url": "https://github.com/Mazagran/translation.git",
                "reference": "d19bf3426125f98684da1e478075d276f26f8b81"
            },
            "dist": {
                "type": "zip",
                "url": "https://api.github.com/repos/Mazagran/translation/zipball/d19bf3426125f98684da1e478075d276f26f8b81",
                "reference": "d19bf3426125f98684da1e478075d276f26f8b81",
                "shasum": ""
            },
            "require": {
                "nette/nette": "*",
                "nikic/php-parser": "*",
                "php": ">=5.3.0",
                "symfony/console": "*"
            },
            "type": "nette-addon",
            "autoload": {
                "psr-0": {
                    "Mazagran\\Translation": "src/"
                },
                "files": [
                    "src/shortcuts.php"
                ]
            },
            "notification-url": "https://packagist.org/downloads/",
            "authors": [
                {
                    "name": "Martin Bažík",
                    "email": "martin@bazo.sk",
                    "homepage": "http://bazo.sk"
                }
            ],
            "description": "Mazagran client and translation addon for Nette Framework",
            "homepage": "https://github.com/bazo/nette-translation",
            "keywords": [
                "mazagran",
                "neon",
                "nette",
                "translation"
            ],
            "time": "2012-09-26 15:19:26"
        },
        {
            "name": "nette/nette",
            "version": "dev-master",
            "source": {
                "type": "git",
                "url": "https://github.com/nette/nette.git",
                "reference": "0c87249e07a2f7a33acdb382442c012840df9415"
            },
            "dist": {
                "type": "zip",
                "url": "https://api.github.com/repos/nette/nette/zipball/0c87249e07a2f7a33acdb382442c012840df9415",
                "reference": "0c87249e07a2f7a33acdb382442c012840df9415",
                "shasum": ""
            },
            "require": {
                "ext-iconv": "*",
                "ext-tokenizer": "*",
                "php": ">=5.3.0"
            },
            "replace": {
                "nette/nette-minified": "self.version"
            },
            "require-dev": {
                "nette/tester": "@dev"
            },
            "suggest": {
                "ext-fileinfo": "*",
                "ext-gd": "*",
                "ext-mbstring": "*",
                "ext-memcache": "*",
                "ext-pdo": "*"
            },
            "type": "library",
            "extra": {
                "branch-alias": {
                    "dev-master": "2.1-dev"
                }
            },
            "autoload": {
                "files": [
                    "Nette/loader.php"
                ]
            },
            "notification-url": "https://packagist.org/downloads/",
            "license": [
                "BSD-3-Clause",
                "GPL-2.0",
                "GPL-3.0"
            ],
            "authors": [
                {
                    "name": "David Grudl",
                    "homepage": "http://davidgrudl.com"
                },
                {
                    "name": "Nette Community",
                    "homepage": "http://nette.org/contributors"
                }
            ],
            "description": "Nette Framework - innovative framework for fast and easy development of secured web applications in PHP. Write less, have cleaner code and your work will bring you joy.",
            "homepage": "http://nette.org",
            "keywords": [
                "Forms",
                "database",
                "dbal",
                "debugging",
                "framework",
                "images",
                "latte",
                "mailing",
                "micro",
                "mvc",
                "neon",
                "templating"
            ],
            "time": "2013-07-12 15:14:33"
        },
        {
            "name": "nikic/php-parser",
            "version": "dev-master",
            "source": {
                "type": "git",
                "url": "https://github.com/nikic/PHP-Parser.git",
                "reference": "5ccf6196d6925e66568e3b8460c262e9512e4b92"
            },
            "dist": {
                "type": "zip",
                "url": "https://api.github.com/repos/nikic/PHP-Parser/zipball/5ccf6196d6925e66568e3b8460c262e9512e4b92",
                "reference": "5ccf6196d6925e66568e3b8460c262e9512e4b92",
                "shasum": ""
            },
            "require": {
                "php": ">=5.2"
            },
            "type": "library",
            "extra": {
                "branch-alias": {
                    "dev-master": "0.9-dev"
                }
            },
            "autoload": {
                "psr-0": {
                    "PHPParser": "lib/"
                }
            },
            "notification-url": "https://packagist.org/downloads/",
            "license": [
                "BSD-3-Clause"
            ],
            "authors": [
                {
                    "name": "Nikita Popov"
                }
            ],
            "description": "A PHP parser written in PHP",
            "keywords": [
                "parser",
                "php"
            ],
            "time": "2013-05-23 13:17:59"
        },
        {
            "name": "rych/phpass",
            "version": "dev-master",
            "source": {
                "type": "git",
                "url": "https://github.com/rchouinard/phpass.git",
                "reference": "565df4bb93fe8926ae976ce975bfc89d782d0bf7"
            },
            "dist": {
                "type": "zip",
                "url": "https://api.github.com/repos/rchouinard/phpass/zipball/565df4bb93fe8926ae976ce975bfc89d782d0bf7",
                "reference": "565df4bb93fe8926ae976ce975bfc89d782d0bf7",
                "shasum": ""
            },
            "require": {
                "php": ">=5.3.7"
            },
            "suggest": {
                "ext-hash": "Some modules and features may require the HASH Message Digest Framework extension in order to work.",
                "ext-openssl": "The OpenSSL extension is used as a secure source of random data."
            },
            "type": "library",
            "extra": {
                "branch-alias": {
                    "dev-master": "2.1-dev"
                }
            },
            "autoload": {
                "psr-0": {
                    "Phpass": "src/"
                }
            },
            "notification-url": "https://packagist.org/downloads/",
            "license": [
                "MIT"
            ],
            "authors": [
                {
                    "name": "Ryan Chouinard",
                    "email": "rchouinard@gmail.com",
                    "homepage": "http://ryanchouinard.com"
                }
            ],
            "description": "PHP Password Library: Easy, secure password management for PHP",
            "homepage": "https://github.com/rchouinard/phpass",
            "keywords": [
                "cryptography",
                "password"
            ],
            "time": "2012-10-12 01:17:51"
        },
        {
            "name": "symfony/console",
            "version": "dev-master",
            "target-dir": "Symfony/Component/Console",
            "source": {
                "type": "git",
                "url": "https://github.com/symfony/Console.git",
                "reference": "c374f12670a4e6b6b72ef2a2d58b75534d94609c"
            },
            "dist": {
                "type": "zip",
                "url": "https://api.github.com/repos/symfony/Console/zipball/c374f12670a4e6b6b72ef2a2d58b75534d94609c",
                "reference": "c374f12670a4e6b6b72ef2a2d58b75534d94609c",
                "shasum": ""
            },
            "require": {
                "php": ">=5.3.3"
            },
            "require-dev": {
                "symfony/event-dispatcher": "~2.1"
            },
            "suggest": {
                "symfony/event-dispatcher": ""
            },
            "type": "library",
            "extra": {
                "branch-alias": {
                    "dev-master": "2.4-dev"
                }
            },
            "autoload": {
                "psr-0": {
                    "Symfony\\Component\\Console\\": ""
                }
            },
            "notification-url": "https://packagist.org/downloads/",
            "license": [
                "MIT"
            ],
            "authors": [
                {
                    "name": "Fabien Potencier",
                    "email": "fabien@symfony.com"
                },
                {
                    "name": "Symfony Community",
                    "homepage": "http://symfony.com/contributors"
                }
            ],
            "description": "Symfony Console Component",
            "homepage": "http://symfony.com",
            "time": "2013-07-11 19:37:15"
        }
    ],
    "packages-dev": [

    ],
    "aliases": [

    ],
    "minimum-stability": "dev",
    "stability-flags": {
        "doctrine/mongodb-odm": 20,
        "nette/nette": 20,
        "bazo/gridder": 20,
        "bazo/nette-document-manager-extension": 20,
        "mazagran/translation": 20,
        "rych/phpass": 20,
        "genphrase/genphrase": 20,
        "kdyby/redis": 20
    },
    "platform": {
        "php": ">=5.3.2"
    },
    "platform-dev": [

    ]
}
